{
  "version": 4,
  "terraform_version": "0.12.24",
  "serial": 9,
  "lineage": "798657e9-4c79-23c4-ef7c-1d97b230331e",
  "outputs": {},
  "resources": [
    {
      "mode": "managed",
      "type": "mysql_database",
      "name": "bbdd",
      "provider": "provider.mysql",
      "instances": [
        {
          "schema_version": 0,
          "attributes": {
            "default_character_set": "utf8",
            "default_collation": "utf8_general_ci",
            "id": "prueba_bd_2",
            "name": "prueba_bd_2"
          },
          "private": "bnVsbA=="
        }
      ]
    },
    {
      "mode": "managed",
      "type": "mysql_grant",
      "name": "permisos_bd",
      "provider": "provider.mysql",
      "instances": [
        {
          "schema_version": 0,
          "attributes": {
            "database": "prueba_bd_2",
            "grant": false,
            "host": "localhost",
            "id": "jmteba2@localhost:`prueba_bd_2`",
            "privileges": [
              "SELECT",
              "UPDATE"
            ],
            "role": null,
            "roles": null,
            "table": "*",
            "tls_option": "NONE",
            "user": "jmteba2"
          },
          "private": "bnVsbA==",
          "dependencies": [
            "mysql_database.bbdd",
            "mysql_user.usuario"
          ]
        }
      ]
    },
    {
      "mode": "managed",
      "type": "mysql_user",
      "name": "usuario",
      "provider": "provider.mysql",
      "instances": [
        {
          "schema_version": 0,
          "attributes": {
            "auth_plugin": null,
            "host": "localhost",
            "id": "jmteba2@localhost",
            "password": null,
            "plaintext_password": "8d969eef6ecad3c29a3a629280e686cf0c3f5d5a86aff3ca12020c923adc6c92",
            "tls_option": "NONE",
            "user": "jmteba2"
          },
          "private": "bnVsbA=="
        }
      ]
    }
  ]
}
